PODS:
  - AFNetworking (2.5.1):
    - AFNetworking/NSURLConnection (= 2.5.1)
    - AFNetworking/NSURLSession (= 2.5.1)
    - AFNetworking/Reachability (= 2.5.1)
    - AFNetworking/Security (= 2.5.1)
    - AFNetworking/Serialization (= 2.5.1)
    - AFNetworking/UIKit (= 2.5.1)
  - AFNetworking/NSURLConnection (2.5.1):
    - AFNetworking/Reachability
    - AFNetworking/Security
    - AFNetworking/Serialization
  - AFNetworking/NSURLSession (2.5.1):
    - AFNetworking/Reachability
    - AFNetworking/Security
    - AFNetworking/Serialization
  - AFNetworking/Reachability (2.5.1)
  - AFNetworking/Security (2.5.1)
  - AFNetworking/Serialization (2.5.1)
  - AFNetworking/UIKit (2.5.1):
    - AFNetworking/NSURLConnection
    - AFNetworking/NSURLSession
  - CocoaLumberjack (2.0.0-rc2):
    - CocoaLumberjack/Default (= 2.0.0-rc2)
    - CocoaLumberjack/Extensions (= 2.0.0-rc2)
  - CocoaLumberjack/Core (2.0.0-rc2)
  - CocoaLumberjack/Default (2.0.0-rc2):
    - CocoaLumberjack/Core
  - CocoaLumberjack/Extensions (2.0.0-rc2):
    - CocoaLumberjack/Default
  - ReactiveCocoa (2.4.7):
    - ReactiveCocoa/UI (= 2.4.7)
  - ReactiveCocoa/Core (2.4.7):
    - ReactiveCocoa/no-arc
  - ReactiveCocoa/no-arc (2.4.7)
  - ReactiveCocoa/UI (2.4.7):
    - ReactiveCocoa/Core

DEPENDENCIES:
  - AFNetworking (~> 2.5.0)
  - CocoaLumberjack (~> 2.0.0-beta4)
  - ReactiveCocoa

SPEC CHECKSUMS:
  AFNetworking: 8bee59492a6ff15d69130efa4d0dc67e0094a52a
  CocoaLumberjack: 6027cd9a0665203a7df456c526e137f02cd547e1
  ReactiveCocoa: 313fc53cc9aeb2bbbc3f5f13c7eac16478d9af8f

COCOAPODS: 0.36.0.beta.2
