// !$*UTF8*$!
{
	archiveVersion = 1;
	classes = {
	};
	objectVersion = 46;
	objects = {

/* Begin PBXBuildFile section */
		144778401A9B4CE600751FD3 /* GKUserServiceImpl.m in Sources */ = {isa = PBXBuildFile; fileRef = 1447783F1A9B4CE600751FD3 /* GKUserServiceImpl.m */; };
		1447784C1A9B608000751FD3 /* GKUserBackendImpl.m in Sources */ = {isa = PBXBuildFile; fileRef = 1447784B1A9B608000751FD3 /* GKUserBackendImpl.m */; };
		144778511A9B613000751FD3 /* GKUserBackendMock.m in Sources */ = {isa = PBXBuildFile; fileRef = 144778501A9B613000751FD3 /* GKUserBackendMock.m */; };
		144778581A9B62CB00751FD3 /* GKUserContainerImpl.m in Sources */ = {isa = PBXBuildFile; fileRef = 144778551A9B62CB00751FD3 /* GKUserContainerImpl.m */; };
		144778591A9B62CB00751FD3 /* GKUserContainerMock.m in Sources */ = {isa = PBXBuildFile; fileRef = 144778571A9B62CB00751FD3 /* GKUserContainerMock.m */; };
		147927661A9B399A003648FF /* GKRegistrationController.m in Sources */ = {isa = PBXBuildFile; fileRef = 147927621A9B399A003648FF /* GKRegistrationController.m */; };
		147927671A9B399A003648FF /* GKRegistrationTableViewCell.m in Sources */ = {isa = PBXBuildFile; fileRef = 147927641A9B399A003648FF /* GKRegistrationTableViewCell.m */; };
		147927681A9B399A003648FF /* GKRegistrationTableViewCell.xib in Resources */ = {isa = PBXBuildFile; fileRef = 147927651A9B399A003648FF /* GKRegistrationTableViewCell.xib */; };
		14BD240D1A987A870015DF09 /* main.m in Sources */ = {isa = PBXBuildFile; fileRef = 14BD240C1A987A870015DF09 /* main.m */; };
		14BD24101A987A870015DF09 /* AppDelegate.m in Sources */ = {isa = PBXBuildFile; fileRef = 14BD240F1A987A870015DF09 /* AppDelegate.m */; };
		14BD24161A987A870015DF09 /* Main.storyboard in Resources */ = {isa = PBXBuildFile; fileRef = 14BD24141A987A870015DF09 /* Main.storyboard */; };
		14BD24181A987A870015DF09 /* Images.xcassets in Resources */ = {isa = PBXBuildFile; fileRef = 14BD24171A987A870015DF09 /* Images.xcassets */; };
		14BD241B1A987A870015DF09 /* LaunchScreen.xib in Resources */ = {isa = PBXBuildFile; fileRef = 14BD24191A987A870015DF09 /* LaunchScreen.xib */; };
		14BD24271A987A870015DF09 /* GKUserKitExampleTests.m in Sources */ = {isa = PBXBuildFile; fileRef = 14BD24261A987A870015DF09 /* GKUserKitExampleTests.m */; };
		90A672F55A2E42DC80C33531 /* libPods-GKUserKitExample.a in Frameworks */ = {isa = PBXBuildFile; fileRef = 364F6077750896C4F31DB077 /* libPods-GKUserKitExample.a */; };
		C813F3BF1A9F65DD0080155E /* GKUserForgotPassword.m in Sources */ = {isa = PBXBuildFile; fileRef = C813F3BE1A9F65DD0080155E /* GKUserForgotPassword.m */; };
		C813F3C11A9F6CC10080155E /* GKUserBackendTests.m in Sources */ = {isa = PBXBuildFile; fileRef = C813F3C01A9F6CC10080155E /* GKUserBackendTests.m */; };
		C8CA7F5A1A9A11FC00E0B44F /* GKForgotPasswordController.m in Sources */ = {isa = PBXBuildFile; fileRef = C8CA7F591A9A11FC00E0B44F /* GKForgotPasswordController.m */; };
		C8CA7F5C1A9A121D00E0B44F /* GKForgotPasswordController.xib in Resources */ = {isa = PBXBuildFile; fileRef = C8CA7F5B1A9A121D00E0B44F /* GKForgotPasswordController.xib */; };
		C8CA7F601A9A167E00E0B44F /* GKVerificationTableViewCell.m in Sources */ = {isa = PBXBuildFile; fileRef = C8CA7F5E1A9A167E00E0B44F /* GKVerificationTableViewCell.m */; };
		C8CA7F611A9A167E00E0B44F /* GKVerificationTableViewCell.xib in Resources */ = {isa = PBXBuildFile; fileRef = C8CA7F5F1A9A167E00E0B44F /* GKVerificationTableViewCell.xib */; };
		C987B9B6891FCAC9D52E001C /* libPods-GKUserKitExampleTests.a in Frameworks */ = {isa = PBXBuildFile; fileRef = 5BDF58C889FEC4E523B1459E /* libPods-GKUserKitExampleTests.a */; };
		E509391C1AA9DB01004101A4 /* GKUserRegistrationControllerTests.m in Sources */ = {isa = PBXBuildFile; fileRef = E509391B1AA9DB01004101A4 /* GKUserRegistrationControllerTests.m */; };
		E555C3C11A9B70C900836965 /* GKUserRegistration.m in Sources */ = {isa = PBXBuildFile; fileRef = E555C3C01A9B70C900836965 /* GKUserRegistration.m */; };
		E56478101AA0BC0E006CE49A /* GKUserServeiceImplTest.m in Sources */ = {isa = PBXBuildFile; fileRef = E564780F1AA0BC0E006CE49A /* GKUserServeiceImplTest.m */; };
		E564781B1AA0BC6D006CE49A /* GKUserAuthenticationController.m in Sources */ = {isa = PBXBuildFile; fileRef = E56478141AA0BC6D006CE49A /* GKUserAuthenticationController.m */; };
		E564781C1AA0BC6D006CE49A /* GKUserAuthenticationTableViewCell.m in Sources */ = {isa = PBXBuildFile; fileRef = E56478171AA0BC6D006CE49A /* GKUserAuthenticationTableViewCell.m */; };
		E564781D1AA0BC6D006CE49A /* GKUserAuthenticationTableViewCell.xib in Resources */ = {isa = PBXBuildFile; fileRef = E56478181AA0BC6D006CE49A /* GKUserAuthenticationTableViewCell.xib */; };
		E564781E1AA0BC6D006CE49A /* GKUserAuthenticationView.xib in Resources */ = {isa = PBXBuildFile; fileRef = E564781A1AA0BC6D006CE49A /* GKUserAuthenticationView.xib */; };
		E56478211AA0BC9B006CE49A /* GKUserAuthentication.m in Sources */ = {isa = PBXBuildFile; fileRef = E56478201AA0BC9B006CE49A /* GKUserAuthentication.m */; };
		E57D3A851AA33F5F007CE40E /* GKMineViewController.m in Sources */ = {isa = PBXBuildFile; fileRef = E57D3A831AA33F5F007CE40E /* GKMineViewController.m */; };
		E57D3A881AA35820007CE40E /* GKUserAuthenticationControllerTests.m in Sources */ = {isa = PBXBuildFile; fileRef = E57D3A871AA35820007CE40E /* GKUserAuthenticationControllerTests.m */; };
		E5A126E51A98B2870016AF23 /* GKUserAccessToken.m in Sources */ = {isa = PBXBuildFile; fileRef = E5A126E21A98B2870016AF23 /* GKUserAccessToken.m */; };
		E5A126E61A98B2870016AF23 /* GKUser.m in Sources */ = {isa = PBXBuildFile; fileRef = E5A126E41A98B2870016AF23 /* GKUser.m */; };
		E5EAD9831A9CB2C1004E8812 /* GKUserRepositoryImpl.m in Sources */ = {isa = PBXBuildFile; fileRef = E5EAD9821A9CB2C1004E8812 /* GKUserRepositoryImpl.m */; };
		E5EAD9861A9CB3FA004E8812 /* PersistenStack.swift in Sources */ = {isa = PBXBuildFile; fileRef = E5EAD9851A9CB3FA004E8812 /* PersistenStack.swift */; };
		E5EAD9891A9CBA4B004E8812 /* GKUserModel.xcdatamodeld in Sources */ = {isa = PBXBuildFile; fileRef = E5EAD9871A9CBA4B004E8812 /* GKUserModel.xcdatamodeld */; };
		E5EAD98E1A9CBDBF004E8812 /* GKUserRepositoryImplTest.m in Sources */ = {isa = PBXBuildFile; fileRef = E5EAD98D1A9CBDBF004E8812 /* GKUserRepositoryImplTest.m */; };
		E5EAD9911A9CCF7A004E8812 /* GKUserEntity.m in Sources */ = {isa = PBXBuildFile; fileRef = E5EAD9901A9CCF7A004E8812 /* GKUserEntity.m */; };
/* End PBXBuildFile section */

/* Begin PBXContainerItemProxy section */
		14BD24211A987A870015DF09 /* PBXContainerItemProxy */ = {
			isa = PBXContainerItemProxy;
			containerPortal = 14BD23FF1A987A870015DF09 /* Project object */;
			proxyType = 1;
			remoteGlobalIDString = 14BD24061A987A870015DF09;
			remoteInfo = GKUserKitExample;
		};
/* End PBXContainerItemProxy section */

/* Begin PBXFileReference section */
		02EFB2AC4D09512BF8516A6B /* Pods-GKUserKitExampleTests.release.xcconfig */ = {isa = PBXFileReference; includeInIndex = 1; lastKnownFileType = text.xcconfig; name = "Pods-GKUserKitExampleTests.release.xcconfig"; path = "Pods/Target Support Files/Pods-GKUserKitExampleTests/Pods-GKUserKitExampleTests.release.xcconfig"; sourceTree = "<group>"; };
		1447783D1A9B448D00751FD3 /* GKUserService.h */ = {isa = PBXFileReference; fileEncoding = 4; lastKnownFileType = sourcecode.c.h; name = GKUserService.h; path = Model/GKUserService.h; sourceTree = "<group>"; };
		1447783E1A9B4CE600751FD3 /* GKUserServiceImpl.h */ = {isa = PBXFileReference; fileEncoding = 4; lastKnownFileType = sourcecode.c.h; name = GKUserServiceImpl.h; path = Model/GKUserServiceImpl.h; sourceTree = "<group>"; };
		1447783F1A9B4CE600751FD3 /* GKUserServiceImpl.m */ = {isa = PBXFileReference; fileEncoding = 4; lastKnownFileType = sourcecode.c.objc; name = GKUserServiceImpl.m; path = Model/GKUserServiceImpl.m; sourceTree = "<group>"; };
		144778491A9B608000751FD3 /* GKUserBackend.h */ = {isa = PBXFileReference; fileEncoding = 4; lastKnownFileType = sourcecode.c.h; path = GKUserBackend.h; sourceTree = "<group>"; };
		1447784A1A9B608000751FD3 /* GKUserBackendImpl.h */ = {isa = PBXFileReference; fileEncoding = 4; lastKnownFileType = sourcecode.c.h; path = GKUserBackendImpl.h; sourceTree = "<group>"; };
		1447784B1A9B608000751FD3 /* GKUserBackendImpl.m */ = {isa = PBXFileReference; fileEncoding = 4; lastKnownFileType = sourcecode.c.objc; path = GKUserBackendImpl.m; sourceTree = "<group>"; };
		1447784F1A9B613000751FD3 /* GKUserBackendMock.h */ = {isa = PBXFileReference; fileEncoding = 4; lastKnownFileType = sourcecode.c.h; path = GKUserBackendMock.h; sourceTree = "<group>"; };
		144778501A9B613000751FD3 /* GKUserBackendMock.m */ = {isa = PBXFileReference; fileEncoding = 4; lastKnownFileType = sourcecode.c.objc; path = GKUserBackendMock.m; sourceTree = "<group>"; };
		144778531A9B62CB00751FD3 /* GKUserContainer.h */ = {isa = PBXFileReference; fileEncoding = 4; lastKnownFileType = sourcecode.c.h; path = GKUserContainer.h; sourceTree = "<group>"; };
		144778541A9B62CB00751FD3 /* GKUserContainerImpl.h */ = {isa = PBXFileReference; fileEncoding = 4; lastKnownFileType = sourcecode.c.h; path = GKUserContainerImpl.h; sourceTree = "<group>"; };
		144778551A9B62CB00751FD3 /* GKUserContainerImpl.m */ = {isa = PBXFileReference; fileEncoding = 4; lastKnownFileType = sourcecode.c.objc; path = GKUserContainerImpl.m; sourceTree = "<group>"; };
		144778561A9B62CB00751FD3 /* GKUserContainerMock.h */ = {isa = PBXFileReference; fileEncoding = 4; lastKnownFileType = sourcecode.c.h; path = GKUserContainerMock.h; sourceTree = "<group>"; };
		144778571A9B62CB00751FD3 /* GKUserContainerMock.m */ = {isa = PBXFileReference; fileEncoding = 4; lastKnownFileType = sourcecode.c.objc; path = GKUserContainerMock.m; sourceTree = "<group>"; };
		147927611A9B399A003648FF /* GKRegistrationController.h */ = {isa = PBXFileReference; fileEncoding = 4; lastKnownFileType = sourcecode.c.h; path = GKRegistrationController.h; sourceTree = "<group>"; };
		147927621A9B399A003648FF /* GKRegistrationController.m */ = {isa = PBXFileReference; fileEncoding = 4; lastKnownFileType = sourcecode.c.objc; path = GKRegistrationController.m; sourceTree = "<group>"; };
		147927631A9B399A003648FF /* GKRegistrationTableViewCell.h */ = {isa = PBXFileReference; fileEncoding = 4; lastKnownFileType = sourcecode.c.h; path = GKRegistrationTableViewCell.h; sourceTree = "<group>"; };
		147927641A9B399A003648FF /* GKRegistrationTableViewCell.m */ = {isa = PBXFileReference; fileEncoding = 4; lastKnownFileType = sourcecode.c.objc; path = GKRegistrationTableViewCell.m; sourceTree = "<group>"; };
		147927651A9B399A003648FF /* GKRegistrationTableViewCell.xib */ = {isa = PBXFileReference; fileEncoding = 4; lastKnownFileType = file.xib; path = GKRegistrationTableViewCell.xib; sourceTree = "<group>"; };
		14BD24071A987A870015DF09 /* GKUserKitExample.app */ = {isa = PBXFileReference; explicitFileType = wrapper.application; includeInIndex = 0; path = GKUserKitExample.app; sourceTree = BUILT_PRODUCTS_DIR; };
		14BD240B1A987A870015DF09 /* Info.plist */ = {isa = PBXFileReference; lastKnownFileType = text.plist.xml; path = Info.plist; sourceTree = "<group>"; };
		14BD240C1A987A870015DF09 /* main.m */ = {isa = PBXFileReference; lastKnownFileType = sourcecode.c.objc; path = main.m; sourceTree = "<group>"; };
		14BD240E1A987A870015DF09 /* AppDelegate.h */ = {isa = PBXFileReference; lastKnownFileType = sourcecode.c.h; path = AppDelegate.h; sourceTree = "<group>"; };
		14BD240F1A987A870015DF09 /* AppDelegate.m */ = {isa = PBXFileReference; lastKnownFileType = sourcecode.c.objc; path = AppDelegate.m; sourceTree = "<group>"; };
		14BD24151A987A870015DF09 /* Base */ = {isa = PBXFileReference; lastKnownFileType = file.storyboard; name = Base; path = Base.lproj/Main.storyboard; sourceTree = "<group>"; };
		14BD24171A987A870015DF09 /* Images.xcassets */ = {isa = PBXFileReference; lastKnownFileType = folder.assetcatalog; path = Images.xcassets; sourceTree = "<group>"; };
		14BD241A1A987A870015DF09 /* Base */ = {isa = PBXFileReference; lastKnownFileType = file.xib; name = Base; path = Base.lproj/LaunchScreen.xib; sourceTree = "<group>"; };
		14BD24201A987A870015DF09 /* GKUserKitExampleTests.xctest */ = {isa = PBXFileReference; explicitFileType = wrapper.cfbundle; includeInIndex = 0; path = GKUserKitExampleTests.xctest; sourceTree = BUILT_PRODUCTS_DIR; };
		14BD24251A987A870015DF09 /* Info.plist */ = {isa = PBXFileReference; lastKnownFileType = text.plist.xml; path = Info.plist; sourceTree = "<group>"; };
		14BD24261A987A870015DF09 /* GKUserKitExampleTests.m */ = {isa = PBXFileReference; lastKnownFileType = sourcecode.c.objc; path = GKUserKitExampleTests.m; sourceTree = "<group>"; };
		364F6077750896C4F31DB077 /* libPods-GKUserKitExample.a */ = {isa = PBXFileReference; explicitFileType = archive.ar; includeInIndex = 0; path = "libPods-GKUserKitExample.a"; sourceTree = BUILT_PRODUCTS_DIR; };
		4FE32C04908DA3EBE876A8FB /* Pods-GKUserKitExample.debug.xcconfig */ = {isa = PBXFileReference; includeInIndex = 1; lastKnownFileType = text.xcconfig; name = "Pods-GKUserKitExample.debug.xcconfig"; path = "Pods/Target Support Files/Pods-GKUserKitExample/Pods-GKUserKitExample.debug.xcconfig"; sourceTree = "<group>"; };
		5BDF58C889FEC4E523B1459E /* libPods-GKUserKitExampleTests.a */ = {isa = PBXFileReference; explicitFileType = archive.ar; includeInIndex = 0; path = "libPods-GKUserKitExampleTests.a"; sourceTree = BUILT_PRODUCTS_DIR; };
		73FF49C2A16D4A464CB892FB /* Pods-GKUserKitExampleTests.debug.xcconfig */ = {isa = PBXFileReference; includeInIndex = 1; lastKnownFileType = text.xcconfig; name = "Pods-GKUserKitExampleTests.debug.xcconfig"; path = "Pods/Target Support Files/Pods-GKUserKitExampleTests/Pods-GKUserKitExampleTests.debug.xcconfig"; sourceTree = "<group>"; };
		C813F3BD1A9F65DD0080155E /* GKUserForgotPassword.h */ = {isa = PBXFileReference; fileEncoding = 4; lastKnownFileType = sourcecode.c.h; path = GKUserForgotPassword.h; sourceTree = "<group>"; };
		C813F3BE1A9F65DD0080155E /* GKUserForgotPassword.m */ = {isa = PBXFileReference; fileEncoding = 4; lastKnownFileType = sourcecode.c.objc; path = GKUserForgotPassword.m; sourceTree = "<group>"; };
		C813F3C01A9F6CC10080155E /* GKUserBackendTests.m */ = {isa = PBXFileReference; fileEncoding = 4; lastKnownFileType = sourcecode.c.objc; path = GKUserBackendTests.m; sourceTree = "<group>"; };
		C8CA7F581A9A11FC00E0B44F /* GKForgotPasswordController.h */ = {isa = PBXFileReference; fileEncoding = 4; lastKnownFileType = sourcecode.c.h; path = GKForgotPasswordController.h; sourceTree = "<group>"; };
		C8CA7F591A9A11FC00E0B44F /* GKForgotPasswordController.m */ = {isa = PBXFileReference; fileEncoding = 4; lastKnownFileType = sourcecode.c.objc; path = GKForgotPasswordController.m; sourceTree = "<group>"; };
		C8CA7F5B1A9A121D00E0B44F /* GKForgotPasswordController.xib */ = {isa = PBXFileReference; fileEncoding = 4; lastKnownFileType = file.xib; path = GKForgotPasswordController.xib; sourceTree = "<group>"; };
		C8CA7F5D1A9A167E00E0B44F /* GKVerificationTableViewCell.h */ = {isa = PBXFileReference; fileEncoding = 4; lastKnownFileType = sourcecode.c.h; path = GKVerificationTableViewCell.h; sourceTree = "<group>"; };
		C8CA7F5E1A9A167E00E0B44F /* GKVerificationTableViewCell.m */ = {isa = PBXFileReference; fileEncoding = 4; lastKnownFileType = sourcecode.c.objc; path = GKVerificationTableViewCell.m; sourceTree = "<group>"; };
		C8CA7F5F1A9A167E00E0B44F /* GKVerificationTableViewCell.xib */ = {isa = PBXFileReference; fileEncoding = 4; lastKnownFileType = file.xib; path = GKVerificationTableViewCell.xib; sourceTree = "<group>"; };
		E509391B1AA9DB01004101A4 /* GKUserRegistrationControllerTests.m */ = {isa = PBXFileReference; fileEncoding = 4; lastKnownFileType = sourcecode.c.objc; path = GKUserRegistrationControllerTests.m; sourceTree = "<group>"; };
		E555C3BF1A9B70C900836965 /* GKUserRegistration.h */ = {isa = PBXFileReference; fileEncoding = 4; lastKnownFileType = sourcecode.c.h; name = GKUserRegistration.h; path = Model/GKUserRegistration.h; sourceTree = "<group>"; };
		E555C3C01A9B70C900836965 /* GKUserRegistration.m */ = {isa = PBXFileReference; fileEncoding = 4; lastKnownFileType = sourcecode.c.objc; name = GKUserRegistration.m; path = Model/GKUserRegistration.m; sourceTree = "<group>"; };
		E564780F1AA0BC0E006CE49A /* GKUserServeiceImplTest.m */ = {isa = PBXFileReference; fileEncoding = 4; lastKnownFileType = sourcecode.c.objc; path = GKUserServeiceImplTest.m; sourceTree = "<group>"; };
		E56478131AA0BC6D006CE49A /* GKUserAuthenticationController.h */ = {isa = PBXFileReference; fileEncoding = 4; lastKnownFileType = sourcecode.c.h; path = GKUserAuthenticationController.h; sourceTree = "<group>"; };
		E56478141AA0BC6D006CE49A /* GKUserAuthenticationController.m */ = {isa = PBXFileReference; fileEncoding = 4; lastKnownFileType = sourcecode.c.objc; path = GKUserAuthenticationController.m; sourceTree = "<group>"; };
		E56478161AA0BC6D006CE49A /* GKUserAuthenticationTableViewCell.h */ = {isa = PBXFileReference; fileEncoding = 4; lastKnownFileType = sourcecode.c.h; path = GKUserAuthenticationTableViewCell.h; sourceTree = "<group>"; };
		E56478171AA0BC6D006CE49A /* GKUserAuthenticationTableViewCell.m */ = {isa = PBXFileReference; fileEncoding = 4; lastKnownFileType = sourcecode.c.objc; path = GKUserAuthenticationTableViewCell.m; sourceTree = "<group>"; };
		E56478181AA0BC6D006CE49A /* GKUserAuthenticationTableViewCell.xib */ = {isa = PBXFileReference; fileEncoding = 4; lastKnownFileType = file.xib; path = GKUserAuthenticationTableViewCell.xib; sourceTree = "<group>"; };
		E564781A1AA0BC6D006CE49A /* GKUserAuthenticationView.xib */ = {isa = PBXFileReference; fileEncoding = 4; lastKnownFileType = file.xib; path = GKUserAuthenticationView.xib; sourceTree = "<group>"; };
		E564781F1AA0BC9B006CE49A /* GKUserAuthentication.h */ = {isa = PBXFileReference; fileEncoding = 4; lastKnownFileType = sourcecode.c.h; name = GKUserAuthentication.h; path = Model/GKUserAuthentication.h; sourceTree = "<group>"; };
		E56478201AA0BC9B006CE49A /* GKUserAuthentication.m */ = {isa = PBXFileReference; fileEncoding = 4; lastKnownFileType = sourcecode.c.objc; name = GKUserAuthentication.m; path = Model/GKUserAuthentication.m; sourceTree = "<group>"; };
		E57D3A821AA33F5F007CE40E /* GKMineViewController.h */ = {isa = PBXFileReference; fileEncoding = 4; lastKnownFileType = sourcecode.c.h; name = GKMineViewController.h; path = GKMine/Controller/GKMineViewController.h; sourceTree = "<group>"; };
		E57D3A831AA33F5F007CE40E /* GKMineViewController.m */ = {isa = PBXFileReference; fileEncoding = 4; lastKnownFileType = sourcecode.c.objc; name = GKMineViewController.m; path = GKMine/Controller/GKMineViewController.m; sourceTree = "<group>"; };
		E57D3A871AA35820007CE40E /* GKUserAuthenticationControllerTests.m */ = {isa = PBXFileReference; fileEncoding = 4; lastKnownFileType = sourcecode.c.objc; path = GKUserAuthenticationControllerTests.m; sourceTree = "<group>"; };
		E5A126E11A98B2870016AF23 /* GKUserAccessToken.h */ = {isa = PBXFileReference; fileEncoding = 4; lastKnownFileType = sourcecode.c.h; name = GKUserAccessToken.h; path = Model/GKUserAccessToken.h; sourceTree = "<group>"; };
		E5A126E21A98B2870016AF23 /* GKUserAccessToken.m */ = {isa = PBXFileReference; fileEncoding = 4; lastKnownFileType = sourcecode.c.objc; name = GKUserAccessToken.m; path = Model/GKUserAccessToken.m; sourceTree = "<group>"; };
		E5A126E31A98B2870016AF23 /* GKUser.h */ = {isa = PBXFileReference; fileEncoding = 4; lastKnownFileType = sourcecode.c.h; name = GKUser.h; path = Model/GKUser.h; sourceTree = "<group>"; };
		E5A126E41A98B2870016AF23 /* GKUser.m */ = {isa = PBXFileReference; fileEncoding = 4; lastKnownFileType = sourcecode.c.objc; name = GKUser.m; path = Model/GKUser.m; sourceTree = "<group>"; };
		E5EAD9801A9CB169004E8812 /* GKUserRepository.h */ = {isa = PBXFileReference; fileEncoding = 4; lastKnownFileType = sourcecode.c.h; name = GKUserRepository.h; path = Model/GKUserRepository.h; sourceTree = "<group>"; };
		E5EAD9811A9CB2C1004E8812 /* GKUserRepositoryImpl.h */ = {isa = PBXFileReference; fileEncoding = 4; lastKnownFileType = sourcecode.c.h; name = GKUserRepositoryImpl.h; path = Model/GKUserRepositoryImpl.h; sourceTree = "<group>"; };
		E5EAD9821A9CB2C1004E8812 /* GKUserRepositoryImpl.m */ = {isa = PBXFileReference; fileEncoding = 4; lastKnownFileType = sourcecode.c.objc; name = GKUserRepositoryImpl.m; path = Model/GKUserRepositoryImpl.m; sourceTree = "<group>"; };
		E5EAD9841A9CB3F9004E8812 /* GKUserKitExample-Bridging-Header.h */ = {isa = PBXFileReference; lastKnownFileType = sourcecode.c.h; path = "GKUserKitExample-Bridging-Header.h"; sourceTree = "<group>"; };
		E5EAD9851A9CB3FA004E8812 /* PersistenStack.swift */ = {isa = PBXFileReference; fileEncoding = 4; lastKnownFileType = sourcecode.swift; path = PersistenStack.swift; sourceTree = "<group>"; };
		E5EAD9881A9CBA4B004E8812 /* GKUserModel.xcdatamodel */ = {isa = PBXFileReference; lastKnownFileType = wrapper.xcdatamodel; path = GKUserModel.xcdatamodel; sourceTree = "<group>"; };
		E5EAD98D1A9CBDBF004E8812 /* GKUserRepositoryImplTest.m */ = {isa = PBXFileReference; fileEncoding = 4; lastKnownFileType = sourcecode.c.objc; path = GKUserRepositoryImplTest.m; sourceTree = "<group>"; };
		E5EAD98F1A9CCF7A004E8812 /* GKUserEntity.h */ = {isa = PBXFileReference; fileEncoding = 4; lastKnownFileType = sourcecode.c.h; name = GKUserEntity.h; path = Model/GKUserEntity.h; sourceTree = "<group>"; };
		E5EAD9901A9CCF7A004E8812 /* GKUserEntity.m */ = {isa = PBXFileReference; fileEncoding = 4; lastKnownFileType = sourcecode.c.objc; name = GKUserEntity.m; path = Model/GKUserEntity.m; sourceTree = "<group>"; };
		F17EC053ABA9F4C999CD991F /* Pods-GKUserKitExample.release.xcconfig */ = {isa = PBXFileReference; includeInIndex = 1; lastKnownFileType = text.xcconfig; name = "Pods-GKUserKitExample.release.xcconfig"; path = "Pods/Target Support Files/Pods-GKUserKitExample/Pods-GKUserKitExample.release.xcconfig"; sourceTree = "<group>"; };
/* End PBXFileReference section */

/* Begin PBXFrameworksBuildPhase section */
		14BD24041A987A870015DF09 /* Frameworks */ = {
			isa = PBXFrameworksBuildPhase;
			buildActionMask = 2147483647;
			files = (
				90A672F55A2E42DC80C33531 /* libPods-GKUserKitExample.a in Frameworks */,
			);
			runOnlyForDeploymentPostprocessing = 0;
		};
		14BD241D1A987A870015DF09 /* Frameworks */ = {
			isa = PBXFrameworksBuildPhase;
			buildActionMask = 2147483647;
			files = (
				C987B9B6891FCAC9D52E001C /* libPods-GKUserKitExampleTests.a in Frameworks */,
			);
			runOnlyForDeploymentPostprocessing = 0;
		};
/* End PBXFrameworksBuildPhase section */

/* Begin PBXGroup section */
		144778481A9B608000751FD3 /* GKUserBackend */ = {
			isa = PBXGroup;
			children = (
				144778491A9B608000751FD3 /* GKUserBackend.h */,
				1447784A1A9B608000751FD3 /* GKUserBackendImpl.h */,
				1447784B1A9B608000751FD3 /* GKUserBackendImpl.m */,
				1447784F1A9B613000751FD3 /* GKUserBackendMock.h */,
				144778501A9B613000751FD3 /* GKUserBackendMock.m */,
			);
			name = GKUserBackend;
			path = Model/GKUserBackend;
			sourceTree = "<group>";
		};
		144778521A9B62CB00751FD3 /* GKUserContainer */ = {
			isa = PBXGroup;
			children = (
				144778531A9B62CB00751FD3 /* GKUserContainer.h */,
				144778541A9B62CB00751FD3 /* GKUserContainerImpl.h */,
				144778551A9B62CB00751FD3 /* GKUserContainerImpl.m */,
				144778561A9B62CB00751FD3 /* GKUserContainerMock.h */,
				144778571A9B62CB00751FD3 /* GKUserContainerMock.m */,
			);
			name = GKUserContainer;
			path = Model/GKUserContainer;
			sourceTree = "<group>";
		};
		147927601A9B399A003648FF /* GKRegistration */ = {
			isa = PBXGroup;
			children = (
				147927611A9B399A003648FF /* GKRegistrationController.h */,
				147927621A9B399A003648FF /* GKRegistrationController.m */,
				147927631A9B399A003648FF /* GKRegistrationTableViewCell.h */,
				147927641A9B399A003648FF /* GKRegistrationTableViewCell.m */,
				147927651A9B399A003648FF /* GKRegistrationTableViewCell.xib */,
			);
			path = GKRegistration;
			sourceTree = "<group>";
		};
		14BD23FE1A987A870015DF09 = {
			isa = PBXGroup;
			children = (
				14BD24301A98954C0015DF09 /* GKUserKit */,
				14BD24091A987A870015DF09 /* GKUserKitExample */,
				14BD24231A987A870015DF09 /* GKUserKitExampleTests */,
				14BD24081A987A870015DF09 /* Products */,
				2C3098EC9E9024CFB0FB527F /* Pods */,
				7D7EC9C8AE9772C01D6DE9C4 /* Frameworks */,
			);
			sourceTree = "<group>";
		};
		14BD24081A987A870015DF09 /* Products */ = {
			isa = PBXGroup;
			children = (
				14BD24071A987A870015DF09 /* GKUserKitExample.app */,
				14BD24201A987A870015DF09 /* GKUserKitExampleTests.xctest */,
			);
			name = Products;
			sourceTree = "<group>";
		};
		14BD24091A987A870015DF09 /* GKUserKitExample */ = {
			isa = PBXGroup;
			children = (
				14BD240E1A987A870015DF09 /* AppDelegate.h */,
				14BD240F1A987A870015DF09 /* AppDelegate.m */,
				14BD24141A987A870015DF09 /* Main.storyboard */,
				14BD24171A987A870015DF09 /* Images.xcassets */,
				14BD24191A987A870015DF09 /* LaunchScreen.xib */,
				14BD240A1A987A870015DF09 /* Supporting Files */,
				E5EAD9851A9CB3FA004E8812 /* PersistenStack.swift */,
				E5EAD9841A9CB3F9004E8812 /* GKUserKitExample-Bridging-Header.h */,
			);
			path = GKUserKitExample;
			sourceTree = "<group>";
		};
		14BD240A1A987A870015DF09 /* Supporting Files */ = {
			isa = PBXGroup;
			children = (
				14BD240B1A987A870015DF09 /* Info.plist */,
				14BD240C1A987A870015DF09 /* main.m */,
			);
			name = "Supporting Files";
			sourceTree = "<group>";
		};
		14BD24231A987A870015DF09 /* GKUserKitExampleTests */ = {
			isa = PBXGroup;
			children = (
				C813F3C01A9F6CC10080155E /* GKUserBackendTests.m */,
				14BD24261A987A870015DF09 /* GKUserKitExampleTests.m */,
				E5EAD98D1A9CBDBF004E8812 /* GKUserRepositoryImplTest.m */,
				E564780F1AA0BC0E006CE49A /* GKUserServeiceImplTest.m */,
				14BD24241A987A870015DF09 /* Supporting Files */,
				E57D3A871AA35820007CE40E /* GKUserAuthenticationControllerTests.m */,
				E509391B1AA9DB01004101A4 /* GKUserRegistrationControllerTests.m */,
			);
			path = GKUserKitExampleTests;
			sourceTree = "<group>";
		};
		14BD24241A987A870015DF09 /* Supporting Files */ = {
			isa = PBXGroup;
			children = (
				14BD24251A987A870015DF09 /* Info.plist */,
			);
			name = "Supporting Files";
			sourceTree = "<group>";
		};
		14BD24301A98954C0015DF09 /* GKUserKit */ = {
			isa = PBXGroup;
			children = (
				E57D3A801AA33EE8007CE40E /* GKMine */,
				E56478111AA0BC6D006CE49A /* GKUserAuthentication */,
				147927601A9B399A003648FF /* GKRegistration */,
				C8CA7F571A9A11C700E0B44F /* GKForgotPassword */,
				E5A126E01A98B2520016AF23 /* Model */,
			);
			path = GKUserKit;
			sourceTree = "<group>";
		};
		2C3098EC9E9024CFB0FB527F /* Pods */ = {
			isa = PBXGroup;
			children = (
				4FE32C04908DA3EBE876A8FB /* Pods-GKUserKitExample.debug.xcconfig */,
				F17EC053ABA9F4C999CD991F /* Pods-GKUserKitExample.release.xcconfig */,
				73FF49C2A16D4A464CB892FB /* Pods-GKUserKitExampleTests.debug.xcconfig */,
				02EFB2AC4D09512BF8516A6B /* Pods-GKUserKitExampleTests.release.xcconfig */,
			);
			name = Pods;
			sourceTree = "<group>";
		};
		7D7EC9C8AE9772C01D6DE9C4 /* Frameworks */ = {
			isa = PBXGroup;
			children = (
				364F6077750896C4F31DB077 /* libPods-GKUserKitExample.a */,
				5BDF58C889FEC4E523B1459E /* libPods-GKUserKitExampleTests.a */,
			);
			name = Frameworks;
			sourceTree = "<group>";
		};
		C8CA7F571A9A11C700E0B44F /* GKForgotPassword */ = {
			isa = PBXGroup;
			children = (
				C8CA7F581A9A11FC00E0B44F /* GKForgotPasswordController.h */,
				C8CA7F591A9A11FC00E0B44F /* GKForgotPasswordController.m */,
				C8CA7F5B1A9A121D00E0B44F /* GKForgotPasswordController.xib */,
				C8CA7F5D1A9A167E00E0B44F /* GKVerificationTableViewCell.h */,
				C8CA7F5E1A9A167E00E0B44F /* GKVerificationTableViewCell.m */,
				C8CA7F5F1A9A167E00E0B44F /* GKVerificationTableViewCell.xib */,
			);
			path = GKForgotPassword;
			sourceTree = "<group>";
		};
		E56478111AA0BC6D006CE49A /* GKUserAuthentication */ = {
			isa = PBXGroup;
			children = (
				E56478121AA0BC6D006CE49A /* Controller */,
				E56478151AA0BC6D006CE49A /* TableVIewCell */,
				E56478191AA0BC6D006CE49A /* View */,
			);
			path = GKUserAuthentication;
			sourceTree = "<group>";
		};
		E56478121AA0BC6D006CE49A /* Controller */ = {
			isa = PBXGroup;
			children = (
				E56478131AA0BC6D006CE49A /* GKUserAuthenticationController.h */,
				E56478141AA0BC6D006CE49A /* GKUserAuthenticationController.m */,
			);
			path = Controller;
			sourceTree = "<group>";
		};
		E56478151AA0BC6D006CE49A /* TableVIewCell */ = {
			isa = PBXGroup;
			children = (
				E56478161AA0BC6D006CE49A /* GKUserAuthenticationTableViewCell.h */,
				E56478171AA0BC6D006CE49A /* GKUserAuthenticationTableViewCell.m */,
				E56478181AA0BC6D006CE49A /* GKUserAuthenticationTableViewCell.xib */,
			);
			path = TableVIewCell;
			sourceTree = "<group>";
		};
		E56478191AA0BC6D006CE49A /* View */ = {
			isa = PBXGroup;
			children = (
				E564781A1AA0BC6D006CE49A /* GKUserAuthenticationView.xib */,
			);
			path = View;
			sourceTree = "<group>";
		};
		E57D3A801AA33EE8007CE40E /* GKMine */ = {
			isa = PBXGroup;
			children = (
				E57D3A811AA33F38007CE40E /* Controller */,
			);
			name = GKMine;
			sourceTree = "<group>";
		};
		E57D3A811AA33F38007CE40E /* Controller */ = {
			isa = PBXGroup;
			children = (
				E57D3A821AA33F5F007CE40E /* GKMineViewController.h */,
				E57D3A831AA33F5F007CE40E /* GKMineViewController.m */,
			);
			name = Controller;
			sourceTree = "<group>";
		};
		E5A126E01A98B2520016AF23 /* Model */ = {
			isa = PBXGroup;
			children = (
				E564781F1AA0BC9B006CE49A /* GKUserAuthentication.h */,
				E56478201AA0BC9B006CE49A /* GKUserAuthentication.m */,
				144778521A9B62CB00751FD3 /* GKUserContainer */,
				144778481A9B608000751FD3 /* GKUserBackend */,
				E5A126E11A98B2870016AF23 /* GKUserAccessToken.h */,
				E5A126E21A98B2870016AF23 /* GKUserAccessToken.m */,
				E5A126E31A98B2870016AF23 /* GKUser.h */,
				E5A126E41A98B2870016AF23 /* GKUser.m */,
				1447783D1A9B448D00751FD3 /* GKUserService.h */,
				1447783E1A9B4CE600751FD3 /* GKUserServiceImpl.h */,
				1447783F1A9B4CE600751FD3 /* GKUserServiceImpl.m */,
				E555C3BF1A9B70C900836965 /* GKUserRegistration.h */,
				E555C3C01A9B70C900836965 /* GKUserRegistration.m */,
				C813F3BD1A9F65DD0080155E /* GKUserForgotPassword.h */,
				C813F3BE1A9F65DD0080155E /* GKUserForgotPassword.m */,
				E5EAD9801A9CB169004E8812 /* GKUserRepository.h */,
				E5EAD9811A9CB2C1004E8812 /* GKUserRepositoryImpl.h */,
				E5EAD9821A9CB2C1004E8812 /* GKUserRepositoryImpl.m */,
				E5EAD9871A9CBA4B004E8812 /* GKUserModel.xcdatamodeld */,
				E5EAD98F1A9CCF7A004E8812 /* GKUserEntity.h */,
				E5EAD9901A9CCF7A004E8812 /* GKUserEntity.m */,
			);
			name = Model;
			sourceTree = "<group>";
		};
/* End PBXGroup section */

/* Begin PBXNativeTarget section */
		14BD24061A987A870015DF09 /* GKUserKitExample */ = {
			isa = PBXNativeTarget;
			buildConfigurationList = 14BD242A1A987A870015DF09 /* Build configuration list for PBXNativeTarget "GKUserKitExample" */;
			buildPhases = (
				1C9708CAB619360854A78EA1 /* Check Pods Manifest.lock */,
				14BD24031A987A870015DF09 /* Sources */,
				14BD24041A987A870015DF09 /* Frameworks */,
				14BD24051A987A870015DF09 /* Resources */,
				86939D373150884FF533A071 /* Copy Pods Resources */,
			);
			buildRules = (
			);
			dependencies = (
			);
			name = GKUserKitExample;
			productName = GKUserKitExample;
			productReference = 14BD24071A987A870015DF09 /* GKUserKitExample.app */;
			productType = "com.apple.product-type.application";
		};
		14BD241F1A987A870015DF09 /* GKUserKitExampleTests */ = {
			isa = PBXNativeTarget;
			buildConfigurationList = 14BD242D1A987A870015DF09 /* Build configuration list for PBXNativeTarget "GKUserKitExampleTests" */;
			buildPhases = (
				233B6920FD11908CBC8591FD /* Check Pods Manifest.lock */,
				14BD241C1A987A870015DF09 /* Sources */,
				14BD241D1A987A870015DF09 /* Frameworks */,
				14BD241E1A987A870015DF09 /* Resources */,
				623F5086E1E92A47BAE4867C /* Copy Pods Resources */,
			);
			buildRules = (
			);
			dependencies = (
				14BD24221A987A870015DF09 /* PBXTargetDependency */,
			);
			name = GKUserKitExampleTests;
			productName = GKUserKitExampleTests;
			productReference = 14BD24201A987A870015DF09 /* GKUserKitExampleTests.xctest */;
			productType = "com.apple.product-type.bundle.unit-test";
		};
/* End PBXNativeTarget section */

/* Begin PBXProject section */
		14BD23FF1A987A870015DF09 /* Project object */ = {
			isa = PBXProject;
			attributes = {
				LastUpgradeCheck = 0610;
				ORGANIZATIONNAME = GKCommerce;
				TargetAttributes = {
					14BD24061A987A870015DF09 = {
						CreatedOnToolsVersion = 6.1.1;
					};
					14BD241F1A987A870015DF09 = {
						CreatedOnToolsVersion = 6.1.1;
						TestTargetID = 14BD24061A987A870015DF09;
					};
				};
			};
			buildConfigurationList = 14BD24021A987A870015DF09 /* Build configuration list for PBXProject "GKUserKitExample" */;
			compatibilityVersion = "Xcode 3.2";
			developmentRegion = English;
			hasScannedForEncodings = 0;
			knownRegions = (
				en,
				Base,
			);
			mainGroup = 14BD23FE1A987A870015DF09;
			productRefGroup = 14BD24081A987A870015DF09 /* Products */;
			projectDirPath = "";
			projectRoot = "";
			targets = (
				14BD24061A987A870015DF09 /* GKUserKitExample */,
				14BD241F1A987A870015DF09 /* GKUserKitExampleTests */,
			);
		};
/* End PBXProject section */

/* Begin PBXResourcesBuildPhase section */
		14BD24051A987A870015DF09 /* Resources */ = {
			isa = PBXResourcesBuildPhase;
			buildActionMask = 2147483647;
			files = (
				14BD24161A987A870015DF09 /* Main.storyboard in Resources */,
				C8CA7F5C1A9A121D00E0B44F /* GKForgotPasswordController.xib in Resources */,
				14BD241B1A987A870015DF09 /* LaunchScreen.xib in Resources */,
				E564781D1AA0BC6D006CE49A /* GKUserAuthenticationTableViewCell.xib in Resources */,
				C8CA7F611A9A167E00E0B44F /* GKVerificationTableViewCell.xib in Resources */,
				E564781E1AA0BC6D006CE49A /* GKUserAuthenticationView.xib in Resources */,
				147927681A9B399A003648FF /* GKRegistrationTableViewCell.xib in Resources */,
				14BD24181A987A870015DF09 /* Images.xcassets in Resources */,
			);
			runOnlyForDeploymentPostprocessing = 0;
		};
		14BD241E1A987A870015DF09 /* Resources */ = {
			isa = PBXResourcesBuildPhase;
			buildActionMask = 2147483647;
			files = (
			);
			runOnlyForDeploymentPostprocessing = 0;
		};
/* End PBXResourcesBuildPhase section */

/* Begin PBXShellScriptBuildPhase section */
		1C9708CAB619360854A78EA1 /* Check Pods Manifest.lock */ = {
			isa = PBXShellScriptBuildPhase;
			buildActionMask = 2147483647;
			files = (
			);
			inputPaths = (
			);
			name = "Check Pods Manifest.lock";
			outputPaths = (
			);
			runOnlyForDeploymentPostprocessing = 0;
			shellPath = /bin/sh;
			shellScript = "diff \"${PODS_ROOT}/../Podfile.lock\" \"${PODS_ROOT}/Manifest.lock\" > /dev/null\nif [[ $? != 0 ]] ; then\n    cat << EOM\nerror: The sandbox is not in sync with the Podfile.lock. Run 'pod install' or update your CocoaPods installation.\nEOM\n    exit 1\nfi\n";
			showEnvVarsInLog = 0;
		};
		233B6920FD11908CBC8591FD /* Check Pods Manifest.lock */ = {
			isa = PBXShellScriptBuildPhase;
			buildActionMask = 2147483647;
			files = (
			);
			inputPaths = (
			);
			name = "Check Pods Manifest.lock";
			outputPaths = (
			);
			runOnlyForDeploymentPostprocessing = 0;
			shellPath = /bin/sh;
			shellScript = "diff \"${PODS_ROOT}/../Podfile.lock\" \"${PODS_ROOT}/Manifest.lock\" > /dev/null\nif [[ $? != 0 ]] ; then\n    cat << EOM\nerror: The sandbox is not in sync with the Podfile.lock. Run 'pod install' or update your CocoaPods installation.\nEOM\n    exit 1\nfi\n";
			showEnvVarsInLog = 0;
		};
		623F5086E1E92A47BAE4867C /* Copy Pods Resources */ = {
			isa = PBXShellScriptBuildPhase;
			buildActionMask = 2147483647;
			files = (
			);
			inputPaths = (
			);
			name = "Copy Pods Resources";
			outputPaths = (
			);
			runOnlyForDeploymentPostprocessing = 0;
			shellPath = /bin/sh;
			shellScript = "\"${SRCROOT}/Pods/Target Support Files/Pods-GKUserKitExampleTests/Pods-GKUserKitExampleTests-resources.sh\"\n";
			showEnvVarsInLog = 0;
		};
		86939D373150884FF533A071 /* Copy Pods Resources */ = {
			isa = PBXShellScriptBuildPhase;
			buildActionMask = 2147483647;
			files = (
			);
			inputPaths = (
			);
			name = "Copy Pods Resources";
			outputPaths = (
			);
			runOnlyForDeploymentPostprocessing = 0;
			shellPath = /bin/sh;
			shellScript = "\"${SRCROOT}/Pods/Target Support Files/Pods-GKUserKitExample/Pods-GKUserKitExample-resources.sh\"\n";
			showEnvVarsInLog = 0;
		};
/* End PBXShellScriptBuildPhase section */

/* Begin PBXSourcesBuildPhase section */
		14BD24031A987A870015DF09 /* Sources */ = {
			isa = PBXSourcesBuildPhase;
			buildActionMask = 2147483647;
			files = (
				E564781C1AA0BC6D006CE49A /* GKUserAuthenticationTableViewCell.m in Sources */,
				144778401A9B4CE600751FD3 /* GKUserServiceImpl.m in Sources */,
				E5EAD9911A9CCF7A004E8812 /* GKUserEntity.m in Sources */,
				C813F3BF1A9F65DD0080155E /* GKUserForgotPassword.m in Sources */,
				147927671A9B399A003648FF /* GKRegistrationTableViewCell.m in Sources */,
				E5EAD9891A9CBA4B004E8812 /* GKUserModel.xcdatamodeld in Sources */,
				E5EAD9861A9CB3FA004E8812 /* PersistenStack.swift in Sources */,
				E57D3A851AA33F5F007CE40E /* GKMineViewController.m in Sources */,
				C8CA7F601A9A167E00E0B44F /* GKVerificationTableViewCell.m in Sources */,
				E564781B1AA0BC6D006CE49A /* GKUserAuthenticationController.m in Sources */,
				E5A126E51A98B2870016AF23 /* GKUserAccessToken.m in Sources */,
				E5A126E61A98B2870016AF23 /* GKUser.m in Sources */,
				14BD24101A987A870015DF09 /* AppDelegate.m in Sources */,
				E56478211AA0BC9B006CE49A /* GKUserAuthentication.m in Sources */,
				144778581A9B62CB00751FD3 /* GKUserContainerImpl.m in Sources */,
				144778511A9B613000751FD3 /* GKUserBackendMock.m in Sources */,
				144778591A9B62CB00751FD3 /* GKUserContainerMock.m in Sources */,
				C8CA7F5A1A9A11FC00E0B44F /* GKForgotPasswordController.m in Sources */,
				1447784C1A9B608000751FD3 /* GKUserBackendImpl.m in Sources */,
				E555C3C11A9B70C900836965 /* GKUserRegistration.m in Sources */,
				147927661A9B399A003648FF /* GKRegistrationController.m in Sources */,
				E5EAD9831A9CB2C1004E8812 /* GKUserRepositoryImpl.m in Sources */,
				14BD240D1A987A870015DF09 /* main.m in Sources */,
			);
			runOnlyForDeploymentPostprocessing = 0;
		};
		14BD241C1A987A870015DF09 /* Sources */ = {
			isa = PBXSourcesBuildPhase;
			buildActionMask = 2147483647;
			files = (
				E57D3A881AA35820007CE40E /* GKUserAuthenticationControllerTests.m in Sources */,
				E56478101AA0BC0E006CE49A /* GKUserServeiceImplTest.m in Sources */,
				E5EAD98E1A9CBDBF004E8812 /* GKUserRepositoryImplTest.m in Sources */,
				E509391C1AA9DB01004101A4 /* GKUserRegistrationControllerTests.m in Sources */,
				C813F3C11A9F6CC10080155E /* GKUserBackendTests.m in Sources */,
				14BD24271A987A870015DF09 /* GKUserKitExampleTests.m in Sources */,
			);
			runOnlyForDeploymentPostprocessing = 0;
		};
/* End PBXSourcesBuildPhase section */

/* Begin PBXTargetDependency section */
		14BD24221A987A870015DF09 /* PBXTargetDependency */ = {
			isa = PBXTargetDependency;
			target = 14BD24061A987A870015DF09 /* GKUserKitExample */;
			targetProxy = 14BD24211A987A870015DF09 /* PBXContainerItemProxy */;
		};
/* End PBXTargetDependency section */

/* Begin PBXVariantGroup section */
		14BD24141A987A870015DF09 /* Main.storyboard */ = {
			isa = PBXVariantGroup;
			children = (
				14BD24151A987A870015DF09 /* Base */,
			);
			name = Main.storyboard;
			sourceTree = "<group>";
		};
		14BD24191A987A870015DF09 /* LaunchScreen.xib */ = {
			isa = PBXVariantGroup;
			children = (
				14BD241A1A987A870015DF09 /* Base */,
			);
			name = LaunchScreen.xib;
			sourceTree = "<group>";
		};
/* End PBXVariantGroup section */

/* Begin XCBuildConfiguration section */
		14BD24281A987A870015DF09 /* Debug */ = {
			isa = XCBuildConfiguration;
			buildSettings = {
				ALWAYS_SEARCH_USER_PATHS = NO;
				CLANG_CXX_LANGUAGE_STANDARD = "gnu++0x";
				CLANG_CXX_LIBRARY = "libc++";
				CLANG_ENABLE_MODULES = YES;
				CLANG_ENABLE_OBJC_ARC = YES;
				CLANG_WARN_BOOL_CONVERSION = YES;
				CLANG_WARN_CONSTANT_CONVERSION = YES;
				CLANG_WARN_DIRECT_OBJC_ISA_USAGE = YES_ERROR;
				CLANG_WARN_EMPTY_BODY = YES;
				CLANG_WARN_ENUM_CONVERSION = YES;
				CLANG_WARN_INT_CONVERSION = YES;
				CLANG_WARN_OBJC_ROOT_CLASS = YES_ERROR;
				CLANG_WARN_UNREACHABLE_CODE = YES;
				CLANG_WARN__DUPLICATE_METHOD_MATCH = YES;
				"CODE_SIGN_IDENTITY[sdk=iphoneos*]" = "iPhone Developer";
				COPY_PHASE_STRIP = NO;
				ENABLE_STRICT_OBJC_MSGSEND = YES;
				GCC_C_LANGUAGE_STANDARD = gnu99;
				GCC_DYNAMIC_NO_PIC = NO;
				GCC_OPTIMIZATION_LEVEL = 0;
				GCC_PREPROCESSOR_DEFINITIONS = (
					"DEBUG=1",
					"$(inherited)",
				);
				GCC_SYMBOLS_PRIVATE_EXTERN = NO;
				GCC_WARN_64_TO_32_BIT_CONVERSION = YES;
				GCC_WARN_ABOUT_RETURN_TYPE = YES_ERROR;
				GCC_WARN_UNDECLARED_SELECTOR = YES;
				GCC_WARN_UNINITIALIZED_AUTOS = YES_AGGRESSIVE;
				GCC_WARN_UNUSED_FUNCTION = YES;
				GCC_WARN_UNUSED_VARIABLE = YES;
				IPHONEOS_DEPLOYMENT_TARGET = 8.1;
				MTL_ENABLE_DEBUG_INFO = YES;
				ONLY_ACTIVE_ARCH = YES;
				SDKROOT = iphoneos;
				TARGETED_DEVICE_FAMILY = "1,2";
			};
			name = Debug;
		};
		14BD24291A987A870015DF09 /* Release */ = {
			isa = XCBuildConfiguration;
			buildSettings = {
				ALWAYS_SEARCH_USER_PATHS = NO;
				CLANG_CXX_LANGUAGE_STANDARD = "gnu++0x";
				CLANG_CXX_LIBRARY = "libc++";
				CLANG_ENABLE_MODULES = YES;
				CLANG_ENABLE_OBJC_ARC = YES;
				CLANG_WARN_BOOL_CONVERSION = YES;
				CLANG_WARN_CONSTANT_CONVERSION = YES;
				CLANG_WARN_DIRECT_OBJC_ISA_USAGE = YES_ERROR;
				CLANG_WARN_EMPTY_BODY = YES;
				CLANG_WARN_ENUM_CONVERSION = YES;
				CLANG_WARN_INT_CONVERSION = YES;
				CLANG_WARN_OBJC_ROOT_CLASS = YES_ERROR;
				CLANG_WARN_UNREACHABLE_CODE = YES;
				CLANG_WARN__DUPLICATE_METHOD_MATCH = YES;
				"CODE_SIGN_IDENTITY[sdk=iphoneos*]" = "iPhone Developer";
				COPY_PHASE_STRIP = YES;
				ENABLE_NS_ASSERTIONS = NO;
				ENABLE_STRICT_OBJC_MSGSEND = YES;
				GCC_C_LANGUAGE_STANDARD = gnu99;
				GCC_WARN_64_TO_32_BIT_CONVERSION = YES;
				GCC_WARN_ABOUT_RETURN_TYPE = YES_ERROR;
				GCC_WARN_UNDECLARED_SELECTOR = YES;
				GCC_WARN_UNINITIALIZED_AUTOS = YES_AGGRESSIVE;
				GCC_WARN_UNUSED_FUNCTION = YES;
				GCC_WARN_UNUSED_VARIABLE = YES;
				IPHONEOS_DEPLOYMENT_TARGET = 8.1;
				MTL_ENABLE_DEBUG_INFO = NO;
				SDKROOT = iphoneos;
				TARGETED_DEVICE_FAMILY = "1,2";
				VALIDATE_PRODUCT = YES;
			};
			name = Release;
		};
		14BD242B1A987A870015DF09 /* Debug */ = {
			isa = XCBuildConfiguration;
			baseConfigurationReference = 4FE32C04908DA3EBE876A8FB /* Pods-GKUserKitExample.debug.xcconfig */;
			buildSettings = {
				ASSETCATALOG_COMPILER_APPICON_NAME = AppIcon;
				CLANG_ENABLE_MODULES = YES;
				CODE_SIGN_IDENTITY = "iPhone Developer";
				INFOPLIST_FILE = GKUserKitExample/Info.plist;
				LD_RUNPATH_SEARCH_PATHS = "$(inherited) @executable_path/Frameworks";
				PRODUCT_NAME = "$(TARGET_NAME)";
				SWIFT_OBJC_BRIDGING_HEADER = "GKUserKitExample/GKUserKitExample-Bridging-Header.h";
				SWIFT_OPTIMIZATION_LEVEL = "-Onone";
			};
			name = Debug;
		};
		14BD242C1A987A870015DF09 /* Release */ = {
			isa = XCBuildConfiguration;
			baseConfigurationReference = F17EC053ABA9F4C999CD991F /* Pods-GKUserKitExample.release.xcconfig */;
			buildSettings = {
				ASSETCATALOG_COMPILER_APPICON_NAME = AppIcon;
				CLANG_ENABLE_MODULES = YES;
				CODE_SIGN_IDENTITY = "iPhone Developer";
				INFOPLIST_FILE = GKUserKitExample/Info.plist;
				LD_RUNPATH_SEARCH_PATHS = "$(inherited) @executable_path/Frameworks";
				PRODUCT_NAME = "$(TARGET_NAME)";
				SWIFT_OBJC_BRIDGING_HEADER = "GKUserKitExample/GKUserKitExample-Bridging-Header.h";
			};
			name = Release;
		};
		14BD242E1A987A870015DF09 /* Debug */ = {
			isa = XCBuildConfiguration;
			baseConfigurationReference = 73FF49C2A16D4A464CB892FB /* Pods-GKUserKitExampleTests.debug.xcconfig */;
			buildSettings = {
				BUNDLE_LOADER = "$(TEST_HOST)";
				FRAMEWORK_SEARCH_PATHS = (
					"$(SDKROOT)/Developer/Library/Frameworks",
					"$(inherited)",
				);
				GCC_PREPROCESSOR_DEFINITIONS = (
					"DEBUG=1",
					"$(inherited)",
				);
				HEADER_SEARCH_PATHS = (
					"\"${PODS_ROOT}/Headers/Public\"",
					"\"${PODS_ROOT}/Headers/Public/AFNetworking\"",
					"\"${PODS_ROOT}/Headers/Public/CocoaLumberjack\"",
					"\"${PODS_ROOT}/Headers/Public/OCMock\"",
					"\"${PODS_ROOT}/Headers/Public/ReactiveCocoa\"",
					"\"$(TARGET_TEMP_DIR)/../$(PROJECT_NAME).build/DerivedSources\"",
				);
				INFOPLIST_FILE = GKUserKitExampleTests/Info.plist;
				LD_RUNPATH_SEARCH_PATHS = "$(inherited) @executable_path/Frameworks @loader_path/Frameworks";
				PRODUCT_NAME = "$(TARGET_NAME)";
				TEST_HOST = "$(BUILT_PRODUCTS_DIR)/GKUserKitExample.app/GKUserKitExample";
			};
			name = Debug;
		};
		14BD242F1A987A870015DF09 /* Release */ = {
			isa = XCBuildConfiguration;
			baseConfigurationReference = 02EFB2AC4D09512BF8516A6B /* Pods-GKUserKitExampleTests.release.xcconfig */;
			buildSettings = {
				BUNDLE_LOADER = "$(TEST_HOST)";
				FRAMEWORK_SEARCH_PATHS = (
					"$(SDKROOT)/Developer/Library/Frameworks",
					"$(inherited)",
				);
				HEADER_SEARCH_PATHS = (
					"\"${PODS_ROOT}/Headers/Public\"",
					"\"${PODS_ROOT}/Headers/Public/AFNetworking\"",
					"\"${PODS_ROOT}/Headers/Public/CocoaLumberjack\"",
					"\"${PODS_ROOT}/Headers/Public/OCMock\"",
					"\"${PODS_ROOT}/Headers/Public/ReactiveCocoa\"",
					"\"$(TARGET_TEMP_DIR)/../$(PROJECT_NAME).build/DerivedSources\"",
				);
				INFOPLIST_FILE = GKUserKitExampleTests/Info.plist;
				LD_RUNPATH_SEARCH_PATHS = "$(inherited) @executable_path/Frameworks @loader_path/Frameworks";
				PRODUCT_NAME = "$(TARGET_NAME)";
				TEST_HOST = "$(BUILT_PRODUCTS_DIR)/GKUserKitExample.app/GKUserKitExample";
			};
			name = Release;
		};
/* End XCBuildConfiguration section */

/* Begin XCConfigurationList section */
		14BD24021A987A870015DF09 /* Build configuration list for PBXProject "GKUserKitExample" */ = {
			isa = XCConfigurationList;
			buildConfigurations = (
				14BD24281A987A870015DF09 /* Debug */,
				14BD24291A987A870015DF09 /* Release */,
			);
			defaultConfigurationIsVisible = 0;
			defaultConfigurationName = Release;
		};
		14BD242A1A987A870015DF09 /* Build configuration list for PBXNativeTarget "GKUserKitExample" */ = {
			isa = XCConfigurationList;
			buildConfigurations = (
				14BD242B1A987A870015DF09 /* Debug */,
				14BD242C1A987A870015DF09 /* Release */,
			);
			defaultConfigurationIsVisible = 0;
			defaultConfigurationName = Release;
		};
		14BD242D1A987A870015DF09 /* Build configuration list for PBXNativeTarget "GKUserKitExampleTests" */ = {
			isa = XCConfigurationList;
			buildConfigurations = (
				14BD242E1A987A870015DF09 /* Debug */,
				14BD242F1A987A870015DF09 /* Release */,
			);
			defaultConfigurationIsVisible = 0;
			defaultConfigurationName = Release;
		};
/* End XCConfigurationList section */

/* Begin XCVersionGroup section */
		E5EAD9871A9CBA4B004E8812 /* GKUserModel.xcdatamodeld */ = {
			isa = XCVersionGroup;
			children = (
				E5EAD9881A9CBA4B004E8812 /* GKUserModel.xcdatamodel */,
			);
			currentVersion = E5EAD9881A9CBA4B004E8812 /* GKUserModel.xcdatamodel */;
			name = GKUserModel.xcdatamodeld;
			path = Model/GKUserModel.xcdatamodeld;
			sourceTree = "<group>";
			versionGroupType = wrapper.xcdatamodel;
		};
/* End XCVersionGroup section */
	};
	rootObject = 14BD23FF1A987A870015DF09 /* Project object */;
}
